
Microsoft Visual Studio Solution File, Format Version 12.00
# Visual Studio Version 16
VisualStudioVersion = 16.0.31005.135
MinimumVisualStudioVersion = 10.0.40219.1
Project("{FAE04EC0-301F-11D3-BF4B-00C04F79EFBC}") = "ArbolOrdenadoNombres", "ArbolOrdenadoNombres\ArbolOrdenadoNombres.csproj", "{9A3358CA-3B03-4306-BF74-39A63EACC3B3}"
EndProject
Global
	GlobalSection(SolutionConfigurationPlatforms) = preSolution
		Debug|Any CPU = Debug|Any CPU
		Release|Any CPU = Release|Any CPU
	EndGlobalSection
	GlobalSection(ProjectConfigurationPlatforms) = postSolution
		{9A3358CA-3B03-4306-BF74-39A63EACC3B3}.Debug|Any CPU.ActiveCfg = Debug|Any CPU
		{9A3358CA-3B03-4306-BF74-39A63EACC3B3}.Debug|Any CPU.Build.0 = Debug|Any CPU
		{9A3358CA-3B03-4306-BF74-39A63EACC3B3}.Release|Any CPU.ActiveCfg = Release|Any CPU
		{9A3358CA-3B03-4306-BF74-39A63EACC3B3}.Release|Any CPU.Build.0 = Release|Any CPU
	EndGlobalSection
	GlobalSection(SolutionProperties) = preSolution
		HideSolutionNode = FALSE
	EndGlobalSection
	GlobalSection(ExtensibilityGlobals) = postSolution
		SolutionGuid = {41AAFCD5-1A6E-4122-9FF0-0A11B9FF27E9}
	EndGlobalSection
EndGlobal
